# THIS IS AN AUTOGENERATED FILE. DO NOT EDIT THIS FILE DIRECTLY.
# yarn lockfile v1


"@rollup/pluginutils@^4.1.0":
  version "4.1.1"
  resolved "https://registry.yarnpkg.com/@rollup/pluginutils/-/pluginutils-4.1.1.tgz#1d4da86dd4eded15656a57d933fda2b9a08d47ec"
  integrity sha512-clDjivHqWGXi7u+0d2r2sBi4Ie6VLEAzWMIkvJLnDmxoOhBYOTfzGbOQBA32THHm11/LiJbd01tJUpJsbshSWQ==
  dependencies:
    estree-walker "^2.0.1"
    picomatch "^2.2.2"

esbuild@^0.12.15:
  version "0.12.15"
  resolved "https://registry.yarnpkg.com/esbuild/-/esbuild-0.12.15.tgz#9d99cf39aeb2188265c5983e983e236829f08af0"
  integrity sha512-72V4JNd2+48eOVCXx49xoSWHgC3/cCy96e7mbXKY+WOWghN00cCmlGnwVLRhRHorvv0dgCyuMYBZlM2xDM5OQw==

estree-walker@^2.0.1:
  version "2.0.2"
  resolved "https://registry.yarnpkg.com/estree-walker/-/estree-walker-2.0.2.tgz#52f010178c2a4c117a7757cfe942adb7d2da4cac"
  integrity sha512-Rfkk/Mp/DL7JVje3u18FxFujQlTNR2q6QfMSMB7AvCBx91NGj/ba3kCfza0f6dVDbw7YlRf/nDrn7pQrCCyQ/w==

fsevents@~2.3.2:
  version "2.3.2"
  resolved "https://registry.yarnpkg.com/fsevents/-/fsevents-2.3.2.tgz#8a526f78b8fdf4623b709e0b975c52c24c02fd1a"
  integrity sha512-xiqMQR4xAeHTuB9uWm+fFRcIOgKBMiOBP+eXiyT7jsgVCq1bkVygt00oASowB7EdtpOHaaPgKt812P9ab+DDKA==

joycon@^3.0.1:
  version "3.0.1"
  resolved "https://registry.yarnpkg.com/joycon/-/joycon-3.0.1.tgz#9074c9b08ccf37a6726ff74a18485f85efcaddaf"
  integrity sha512-SJcJNBg32dGgxhPtM0wQqxqV0ax9k/9TaUskGDSJkSFSQOEWWvQ3zzWdGQRIUry2j1zA5+ReH13t0Mf3StuVZA==

jsonc-parser@^3.0.0:
  version "3.0.0"
  resolved "https://registry.yarnpkg.com/jsonc-parser/-/jsonc-parser-3.0.0.tgz#abdd785701c7e7eaca8a9ec8cf070ca51a745a22"
  integrity sha512-fQzRfAbIBnR0IQvftw9FJveWiHp72Fg20giDrHz6TdfB12UH/uue0D3hm57UB5KgAVuniLMCaS8P1IMj9NR7cA==

picomatch@^2.2.2:
  version "2.3.0"
  resolved "https://registry.yarnpkg.com/picomatch/-/picomatch-2.3.0.tgz#f1f061de8f6a4bf022892e2d128234fb98302972"
  integrity sha512-lY1Q/PiJGC2zOv/z391WOTD+Z02bCgsFfvxoXXf6h7kv9o+WmsmzYqrAwY63sNgOxE4xEdq0WyUnXfKeBrSvYw==

rollup-plugin-esbuild@^4.5.0:
  version "4.5.0"
  resolved "https://registry.yarnpkg.com/rollup-plugin-esbuild/-/rollup-plugin-esbuild-4.5.0.tgz#0fbcb6d2d651d87dc540c4fc3b2db669f48da1f0"
  integrity sha512-ieUd3AoYWsN6Tfp0LBNnC+QpdhKjDEaH4NK3ghuEXOH56/7TAtD+hMbD9vSWZgsGSbaqCkrn4j6PaUj1vOSt1g==
  dependencies:
    "@rollup/pluginutils" "^4.1.0"
    joycon "^3.0.1"
    jsonc-parser "^3.0.0"

rollup@^2.53.2:
  version "2.53.2"
  resolved "https://registry.yarnpkg.com/rollup/-/rollup-2.53.2.tgz#3279f9bfba1fe446585560802e418c5fbcaefa51"
  integrity sha512-1CtEYuS5CRCzFZ7SNW5528SlDlk4VDXIRGwbm/2POQxA/G4+7/crIqJwkmnj8Q/74hGx4oVlNvh4E1CJQ5hZ6w==
  optionalDependencies:
    fsevents "~2.3.2"

typescript@^4.3.5:
  version "4.3.5"
  resolved "https://registry.yarnpkg.com/typescript/-/typescript-4.3.5.tgz#4d1c37cc16e893973c45a06886b7113234f119f4"
  integrity sha512-DqQgihaQ9cUrskJo9kIyW/+g0Vxsk8cDtZ52a3NGh0YNTfpUSArXSohyUGnvbPazEPLu398C0UxmKSOrPumUzA==
